
Microsoft Visual Studio Solution File, Format Version 12.00
# Visual Studio Version 17
VisualStudioVersion = 17.7.34024.191
MinimumVisualStudioVersion = 10.0.40219.1
Project("{FAE04EC0-301F-11D3-BF4B-00C04F79EFBC}") = "Lab_05", "Lab_05\Lab_05.csproj", "{55672967-C6EE-436A-A659-48ADEFC640FB}"
EndProject
Global
	GlobalSection(SolutionConfigurationPlatforms) = preSolution
		Debug|Any CPU = Debug|Any CPU
		Release|Any CPU = Release|Any CPU
	EndGlobalSection
	GlobalSection(ProjectConfigurationPlatforms) = postSolution
		{55672967-C6EE-436A-A659-48ADEFC640FB}.Debug|Any CPU.ActiveCfg = Debug|Any CPU
		{55672967-C6EE-436A-A659-48ADEFC640FB}.Debug|Any CPU.Build.0 = Debug|Any CPU
		{55672967-C6EE-436A-A659-48ADEFC640FB}.Release|Any CPU.ActiveCfg = Release|Any CPU
		{55672967-C6EE-436A-A659-48ADEFC640FB}.Release|Any CPU.Build.0 = Release|Any CPU
	EndGlobalSection
	GlobalSection(SolutionProperties) = preSolution
		HideSolutionNode = FALSE
	EndGlobalSection
	GlobalSection(ExtensibilityGlobals) = postSolution
		SolutionGuid = {EB2F3DCF-E46C-42E2-AE44-4C804DC717AA}
	EndGlobalSection
EndGlobal
