
Microsoft Visual Studio Solution File, Format Version 12.00
# Visual Studio Version 17
VisualStudioVersion = 17.7.34024.191
MinimumVisualStudioVersion = 10.0.40219.1
Project("{8BC9CEB8-8B4A-11D0-8D11-00A0C91BC942}") = "Lab_04", "Lab_04\Lab_04.vcxproj", "{354CB206-066E-4394-B7DB-DA9379115CF0}"
EndProject
Global
	GlobalSection(SolutionConfigurationPlatforms) = preSolution
		Debug|x64 = Debug|x64
		Debug|x86 = Debug|x86
		Release|x64 = Release|x64
		Release|x86 = Release|x86
	EndGlobalSection
	GlobalSection(ProjectConfigurationPlatforms) = postSolution
		{354CB206-066E-4394-B7DB-DA9379115CF0}.Debug|x64.ActiveCfg = Debug|x64
		{354CB206-066E-4394-B7DB-DA9379115CF0}.Debug|x64.Build.0 = Debug|x64
		{354CB206-066E-4394-B7DB-DA9379115CF0}.Debug|x86.ActiveCfg = Debug|Win32
		{354CB206-066E-4394-B7DB-DA9379115CF0}.Debug|x86.Build.0 = Debug|Win32
		{354CB206-066E-4394-B7DB-DA9379115CF0}.Release|x64.ActiveCfg = Release|x64
		{354CB206-066E-4394-B7DB-DA9379115CF0}.Release|x64.Build.0 = Release|x64
		{354CB206-066E-4394-B7DB-DA9379115CF0}.Release|x86.ActiveCfg = Release|Win32
		{354CB206-066E-4394-B7DB-DA9379115CF0}.Release|x86.Build.0 = Release|Win32
	EndGlobalSection
	GlobalSection(SolutionProperties) = preSolution
		HideSolutionNode = FALSE
	EndGlobalSection
	GlobalSection(ExtensibilityGlobals) = postSolution
		SolutionGuid = {1DC0CD22-8E36-4C31-925B-EA979891EDEE}
	EndGlobalSection
EndGlobal
